
Microsoft Visual Studio Solution File, Format Version 12.00
# Visual Studio 15
VisualStudioVersion = 15.0.28010.2046
MinimumVisualStudioVersion = 10.0.40219.1
Project("{FAE04EC0-301F-11D3-BF4B-00C04F79EFBC}") = "PlanPoker", "PlanPoker\PlanPoker.csproj", "{76B33502-6ABD-4C1B-BDBD-000A4F829F28}"
EndProject
Global
	GlobalSection(SolutionConfigurationPlatforms) = preSolution
		Debug|Any CPU = Debug|Any CPU
		Release|Any CPU = Release|Any CPU
	EndGlobalSection
	GlobalSection(ProjectConfigurationPlatforms) = postSolution
		{76B33502-6ABD-4C1B-BDBD-000A4F829F28}.Debug|Any CPU.ActiveCfg = Debug|Any CPU
		{76B33502-6ABD-4C1B-BDBD-000A4F829F28}.Debug|Any CPU.Build.0 = Debug|Any CPU
		{76B33502-6ABD-4C1B-BDBD-000A4F829F28}.Release|Any CPU.ActiveCfg = Release|Any CPU
		{76B33502-6ABD-4C1B-BDBD-000A4F829F28}.Release|Any CPU.Build.0 = Release|Any CPU
	EndGlobalSection
	GlobalSection(SolutionProperties) = preSolution
		HideSolutionNode = FALSE
	EndGlobalSection
	GlobalSection(ExtensibilityGlobals) = postSolution
		SolutionGuid = {D6A1E4C2-C5BC-40F0-833E-72500B55031C}
	EndGlobalSection
EndGlobal
